
Microsoft Visual Studio Solution File, Format Version 12.00
# Visual Studio Version 16
VisualStudioVersion = 16.0.31829.152
MinimumVisualStudioVersion = 10.0.40219.1
Project("{FAE04EC0-301F-11D3-BF4B-00C04F79EFBC}") = "MetricsManagerClient", "MetricsManagerClient\MetricsManagerClient.csproj", "{EE3793B7-A7C1-4D3D-9047-5AD8D8BB8D63}"
EndProject
Global
	GlobalSection(SolutionConfigurationPlatforms) = preSolution
		Debug|Any CPU = Debug|Any CPU
		Release|Any CPU = Release|Any CPU
	EndGlobalSection
	GlobalSection(ProjectConfigurationPlatforms) = postSolution
		{EE3793B7-A7C1-4D3D-9047-5AD8D8BB8D63}.Debug|Any CPU.ActiveCfg = Debug|Any CPU
		{EE3793B7-A7C1-4D3D-9047-5AD8D8BB8D63}.Debug|Any CPU.Build.0 = Debug|Any CPU
		{EE3793B7-A7C1-4D3D-9047-5AD8D8BB8D63}.Release|Any CPU.ActiveCfg = Release|Any CPU
		{EE3793B7-A7C1-4D3D-9047-5AD8D8BB8D63}.Release|Any CPU.Build.0 = Release|Any CPU
	EndGlobalSection
	GlobalSection(SolutionProperties) = preSolution
		HideSolutionNode = FALSE
	EndGlobalSection
	GlobalSection(ExtensibilityGlobals) = postSolution
		SolutionGuid = {DCBCA4E5-646A-494C-BD54-E1D098CC5C88}
	EndGlobalSection
EndGlobal
