
Microsoft Visual Studio Solution File, Format Version 12.00
# Visual Studio Version 16
VisualStudioVersion = 16.0.31402.337
MinimumVisualStudioVersion = 10.0.40219.1
Project("{9A19103F-16F7-4668-BE54-9A1E7A4F7556}") = "TwoLinkedList", "TwoLinkedList\TwoLinkedList.csproj", "{E233BCED-1D20-4E8E-BFB8-8D451A7711EB}"
EndProject
Project("{FAE04EC0-301F-11D3-BF4B-00C04F79EFBC}") = "BinarySearch", "BinarySearch\BinarySearch.csproj", "{9A1C4FB4-8F3B-4765-872C-9B64FC55A251}"
EndProject
Global
	GlobalSection(SolutionConfigurationPlatforms) = preSolution
		Debug|Any CPU = Debug|Any CPU
		Release|Any CPU = Release|Any CPU
	EndGlobalSection
	GlobalSection(ProjectConfigurationPlatforms) = postSolution
		{E233BCED-1D20-4E8E-BFB8-8D451A7711EB}.Debug|Any CPU.ActiveCfg = Debug|Any CPU
		{E233BCED-1D20-4E8E-BFB8-8D451A7711EB}.Debug|Any CPU.Build.0 = Debug|Any CPU
		{E233BCED-1D20-4E8E-BFB8-8D451A7711EB}.Release|Any CPU.ActiveCfg = Release|Any CPU
		{E233BCED-1D20-4E8E-BFB8-8D451A7711EB}.Release|Any CPU.Build.0 = Release|Any CPU
		{9A1C4FB4-8F3B-4765-872C-9B64FC55A251}.Debug|Any CPU.ActiveCfg = Debug|Any CPU
		{9A1C4FB4-8F3B-4765-872C-9B64FC55A251}.Debug|Any CPU.Build.0 = Debug|Any CPU
		{9A1C4FB4-8F3B-4765-872C-9B64FC55A251}.Release|Any CPU.ActiveCfg = Release|Any CPU
		{9A1C4FB4-8F3B-4765-872C-9B64FC55A251}.Release|Any CPU.Build.0 = Release|Any CPU
	EndGlobalSection
	GlobalSection(SolutionProperties) = preSolution
		HideSolutionNode = FALSE
	EndGlobalSection
	GlobalSection(ExtensibilityGlobals) = postSolution
		SolutionGuid = {F2883C1A-3821-48E7-BEF6-B657BE53C103}
	EndGlobalSection
EndGlobal
