
Microsoft Visual Studio Solution File, Format Version 12.00
# Visual Studio Version 17
VisualStudioVersion = 17.2.32526.322
MinimumVisualStudioVersion = 10.0.40219.1
Project("{FAE04EC0-301F-11D3-BF4B-00C04F79EFBC}") = "CertGenerator", "CertGenerator\CertGenerator.csproj", "{DD7B2FD9-D65A-4F9D-B510-CDE3E9AC2973}"
EndProject
Project("{FAE04EC0-301F-11D3-BF4B-00C04F79EFBC}") = "TestApp", "TestApp\TestApp.csproj", "{A97C0EAA-5CD0-4BE5-AE9C-33E076B43A92}"
EndProject
Global
	GlobalSection(SolutionConfigurationPlatforms) = preSolution
		Debug|Any CPU = Debug|Any CPU
		Release|Any CPU = Release|Any CPU
	EndGlobalSection
	GlobalSection(ProjectConfigurationPlatforms) = postSolution
		{DD7B2FD9-D65A-4F9D-B510-CDE3E9AC2973}.Debug|Any CPU.ActiveCfg = Debug|Any CPU
		{DD7B2FD9-D65A-4F9D-B510-CDE3E9AC2973}.Debug|Any CPU.Build.0 = Debug|Any CPU
		{DD7B2FD9-D65A-4F9D-B510-CDE3E9AC2973}.Release|Any CPU.ActiveCfg = Release|Any CPU
		{DD7B2FD9-D65A-4F9D-B510-CDE3E9AC2973}.Release|Any CPU.Build.0 = Release|Any CPU
		{A97C0EAA-5CD0-4BE5-AE9C-33E076B43A92}.Debug|Any CPU.ActiveCfg = Debug|Any CPU
		{A97C0EAA-5CD0-4BE5-AE9C-33E076B43A92}.Debug|Any CPU.Build.0 = Debug|Any CPU
		{A97C0EAA-5CD0-4BE5-AE9C-33E076B43A92}.Release|Any CPU.ActiveCfg = Release|Any CPU
		{A97C0EAA-5CD0-4BE5-AE9C-33E076B43A92}.Release|Any CPU.Build.0 = Release|Any CPU
	EndGlobalSection
	GlobalSection(SolutionProperties) = preSolution
		HideSolutionNode = FALSE
	EndGlobalSection
	GlobalSection(ExtensibilityGlobals) = postSolution
		SolutionGuid = {9F8FCB0D-9560-4BC5-B537-AA35971A9F1F}
	EndGlobalSection
EndGlobal
