
Microsoft Visual Studio Solution File, Format Version 12.00
# Visual Studio Version 16
VisualStudioVersion = 16.0.31402.337
MinimumVisualStudioVersion = 10.0.40219.1
Project("{FAE04EC0-301F-11D3-BF4B-00C04F79EFBC}") = "WriteToFile", "WriteToFile\WriteToFile.csproj", "{C6635F3B-7FE7-4F0A-A08D-E192220EAAD5}"
EndProject
Project("{FAE04EC0-301F-11D3-BF4B-00C04F79EFBC}") = "TimeToFile", "TimeToFile\TimeToFile.csproj", "{D0FD00D1-5DFA-42BF-9642-BA9EAB7A14A1}"
EndProject
Project("{FAE04EC0-301F-11D3-BF4B-00C04F79EFBC}") = "BinaryFile", "BinaryFile\BinaryFile.csproj", "{08346D66-ED92-4DB9-AC76-CAED81D2F380}"
EndProject
Project("{FAE04EC0-301F-11D3-BF4B-00C04F79EFBC}") = "FolderTree", "FolderTree\FolderTree.csproj", "{5A6A504D-5A9A-4E6A-A5B3-716225D55AB3}"
EndProject
Project("{FAE04EC0-301F-11D3-BF4B-00C04F79EFBC}") = "ToDoList", "ToDoList\ToDoList.csproj", "{0F24183A-CCE7-4602-A5EE-92550C586860}"
EndProject
Global
	GlobalSection(SolutionConfigurationPlatforms) = preSolution
		Debug|Any CPU = Debug|Any CPU
		Release|Any CPU = Release|Any CPU
	EndGlobalSection
	GlobalSection(ProjectConfigurationPlatforms) = postSolution
		{C6635F3B-7FE7-4F0A-A08D-E192220EAAD5}.Debug|Any CPU.ActiveCfg = Debug|Any CPU
		{C6635F3B-7FE7-4F0A-A08D-E192220EAAD5}.Debug|Any CPU.Build.0 = Debug|Any CPU
		{C6635F3B-7FE7-4F0A-A08D-E192220EAAD5}.Release|Any CPU.ActiveCfg = Release|Any CPU
		{C6635F3B-7FE7-4F0A-A08D-E192220EAAD5}.Release|Any CPU.Build.0 = Release|Any CPU
		{D0FD00D1-5DFA-42BF-9642-BA9EAB7A14A1}.Debug|Any CPU.ActiveCfg = Debug|Any CPU
		{D0FD00D1-5DFA-42BF-9642-BA9EAB7A14A1}.Debug|Any CPU.Build.0 = Debug|Any CPU
		{D0FD00D1-5DFA-42BF-9642-BA9EAB7A14A1}.Release|Any CPU.ActiveCfg = Release|Any CPU
		{D0FD00D1-5DFA-42BF-9642-BA9EAB7A14A1}.Release|Any CPU.Build.0 = Release|Any CPU
		{08346D66-ED92-4DB9-AC76-CAED81D2F380}.Debug|Any CPU.ActiveCfg = Debug|Any CPU
		{08346D66-ED92-4DB9-AC76-CAED81D2F380}.Debug|Any CPU.Build.0 = Debug|Any CPU
		{08346D66-ED92-4DB9-AC76-CAED81D2F380}.Release|Any CPU.ActiveCfg = Release|Any CPU
		{08346D66-ED92-4DB9-AC76-CAED81D2F380}.Release|Any CPU.Build.0 = Release|Any CPU
		{5A6A504D-5A9A-4E6A-A5B3-716225D55AB3}.Debug|Any CPU.ActiveCfg = Debug|Any CPU
		{5A6A504D-5A9A-4E6A-A5B3-716225D55AB3}.Debug|Any CPU.Build.0 = Debug|Any CPU
		{5A6A504D-5A9A-4E6A-A5B3-716225D55AB3}.Release|Any CPU.ActiveCfg = Release|Any CPU
		{5A6A504D-5A9A-4E6A-A5B3-716225D55AB3}.Release|Any CPU.Build.0 = Release|Any CPU
		{0F24183A-CCE7-4602-A5EE-92550C586860}.Debug|Any CPU.ActiveCfg = Debug|Any CPU
		{0F24183A-CCE7-4602-A5EE-92550C586860}.Debug|Any CPU.Build.0 = Debug|Any CPU
		{0F24183A-CCE7-4602-A5EE-92550C586860}.Release|Any CPU.ActiveCfg = Release|Any CPU
		{0F24183A-CCE7-4602-A5EE-92550C586860}.Release|Any CPU.Build.0 = Release|Any CPU
	EndGlobalSection
	GlobalSection(SolutionProperties) = preSolution
		HideSolutionNode = FALSE
	EndGlobalSection
	GlobalSection(ExtensibilityGlobals) = postSolution
		SolutionGuid = {D0367138-2FBF-4308-BB9B-D00E2283FD4B}
	EndGlobalSection
EndGlobal
