
Microsoft Visual Studio Solution File, Format Version 12.00
# Visual Studio Version 16
VisualStudioVersion = 16.0.31402.337
MinimumVisualStudioVersion = 10.0.40219.1
Project("{FAE04EC0-301F-11D3-BF4B-00C04F79EFBC}") = "DinamicProgramming", "DinamicProgramming.csproj", "{55AD8C94-A607-4108-88CE-E6AA9C5A3F2D}"
EndProject
Global
	GlobalSection(SolutionConfigurationPlatforms) = preSolution
		Debug|Any CPU = Debug|Any CPU
		Release|Any CPU = Release|Any CPU
	EndGlobalSection
	GlobalSection(ProjectConfigurationPlatforms) = postSolution
		{55AD8C94-A607-4108-88CE-E6AA9C5A3F2D}.Debug|Any CPU.ActiveCfg = Debug|Any CPU
		{55AD8C94-A607-4108-88CE-E6AA9C5A3F2D}.Debug|Any CPU.Build.0 = Debug|Any CPU
		{55AD8C94-A607-4108-88CE-E6AA9C5A3F2D}.Release|Any CPU.ActiveCfg = Release|Any CPU
		{55AD8C94-A607-4108-88CE-E6AA9C5A3F2D}.Release|Any CPU.Build.0 = Release|Any CPU
	EndGlobalSection
	GlobalSection(SolutionProperties) = preSolution
		HideSolutionNode = FALSE
	EndGlobalSection
	GlobalSection(ExtensibilityGlobals) = postSolution
		SolutionGuid = {0683B520-B754-49E3-B0CB-65D792F8A48C}
	EndGlobalSection
EndGlobal
