
Microsoft Visual Studio Solution File, Format Version 12.00
# Visual Studio Version 17
VisualStudioVersion = 17.2.32526.322
MinimumVisualStudioVersion = 10.0.40219.1
Project("{9A19103F-16F7-4668-BE54-9A1E7A4F7556}") = "Seminar", "Seminar\Seminar.csproj", "{E5B0E861-6110-4C0E-B656-B6A0550A8976}"
EndProject
Project("{FAE04EC0-301F-11D3-BF4B-00C04F79EFBC}") = "SeminarFramework", "SeminarFramework\SeminarFramework.csproj", "{57049DEC-1032-419A-8B60-FC53D4C1E780}"
EndProject
Global
	GlobalSection(SolutionConfigurationPlatforms) = preSolution
		Debug|Any CPU = Debug|Any CPU
		Release|Any CPU = Release|Any CPU
	EndGlobalSection
	GlobalSection(ProjectConfigurationPlatforms) = postSolution
		{E5B0E861-6110-4C0E-B656-B6A0550A8976}.Debug|Any CPU.ActiveCfg = Debug|Any CPU
		{E5B0E861-6110-4C0E-B656-B6A0550A8976}.Debug|Any CPU.Build.0 = Debug|Any CPU
		{E5B0E861-6110-4C0E-B656-B6A0550A8976}.Release|Any CPU.ActiveCfg = Release|Any CPU
		{E5B0E861-6110-4C0E-B656-B6A0550A8976}.Release|Any CPU.Build.0 = Release|Any CPU
		{57049DEC-1032-419A-8B60-FC53D4C1E780}.Debug|Any CPU.ActiveCfg = Debug|Any CPU
		{57049DEC-1032-419A-8B60-FC53D4C1E780}.Debug|Any CPU.Build.0 = Debug|Any CPU
		{57049DEC-1032-419A-8B60-FC53D4C1E780}.Release|Any CPU.ActiveCfg = Release|Any CPU
		{57049DEC-1032-419A-8B60-FC53D4C1E780}.Release|Any CPU.Build.0 = Release|Any CPU
	EndGlobalSection
	GlobalSection(SolutionProperties) = preSolution
		HideSolutionNode = FALSE
	EndGlobalSection
	GlobalSection(ExtensibilityGlobals) = postSolution
		SolutionGuid = {89729B7A-2819-4E16-A4AE-CD8A5EFB68A9}
	EndGlobalSection
EndGlobal
