
Microsoft Visual Studio Solution File, Format Version 12.00
# Visual Studio Version 16
VisualStudioVersion = 16.0.31402.337
MinimumVisualStudioVersion = 10.0.40219.1
Project("{FAE04EC0-301F-11D3-BF4B-00C04F79EFBC}") = "HashSearch", "HashSearch\HashSearch.csproj", "{3039CCE2-B729-40DC-9CB0-31DF736B56C0}"
EndProject
Project("{FAE04EC0-301F-11D3-BF4B-00C04F79EFBC}") = "BenchmarkTest", "BenchmarkTest\BenchmarkTest.csproj", "{83DD762B-7051-4A27-9AF4-15CD8FCFB878}"
EndProject
Project("{FAE04EC0-301F-11D3-BF4B-00C04F79EFBC}") = "BinarySearchTree", "BinarySearchTree\BinarySearchTree.csproj", "{1832DDA0-18FE-441A-96C3-EC8DB5576ED5}"
EndProject
Global
	GlobalSection(SolutionConfigurationPlatforms) = preSolution
		Debug|Any CPU = Debug|Any CPU
		Release|Any CPU = Release|Any CPU
	EndGlobalSection
	GlobalSection(ProjectConfigurationPlatforms) = postSolution
		{3039CCE2-B729-40DC-9CB0-31DF736B56C0}.Debug|Any CPU.ActiveCfg = Debug|Any CPU
		{3039CCE2-B729-40DC-9CB0-31DF736B56C0}.Debug|Any CPU.Build.0 = Debug|Any CPU
		{3039CCE2-B729-40DC-9CB0-31DF736B56C0}.Release|Any CPU.ActiveCfg = Release|Any CPU
		{3039CCE2-B729-40DC-9CB0-31DF736B56C0}.Release|Any CPU.Build.0 = Release|Any CPU
		{83DD762B-7051-4A27-9AF4-15CD8FCFB878}.Debug|Any CPU.ActiveCfg = Debug|Any CPU
		{83DD762B-7051-4A27-9AF4-15CD8FCFB878}.Debug|Any CPU.Build.0 = Debug|Any CPU
		{83DD762B-7051-4A27-9AF4-15CD8FCFB878}.Release|Any CPU.ActiveCfg = Release|Any CPU
		{83DD762B-7051-4A27-9AF4-15CD8FCFB878}.Release|Any CPU.Build.0 = Release|Any CPU
		{1832DDA0-18FE-441A-96C3-EC8DB5576ED5}.Debug|Any CPU.ActiveCfg = Debug|Any CPU
		{1832DDA0-18FE-441A-96C3-EC8DB5576ED5}.Debug|Any CPU.Build.0 = Debug|Any CPU
		{1832DDA0-18FE-441A-96C3-EC8DB5576ED5}.Release|Any CPU.ActiveCfg = Release|Any CPU
		{1832DDA0-18FE-441A-96C3-EC8DB5576ED5}.Release|Any CPU.Build.0 = Release|Any CPU
	EndGlobalSection
	GlobalSection(SolutionProperties) = preSolution
		HideSolutionNode = FALSE
	EndGlobalSection
	GlobalSection(ExtensibilityGlobals) = postSolution
		SolutionGuid = {F78A4C51-4F39-4E81-8466-F71079555156}
	EndGlobalSection
EndGlobal
