
Microsoft Visual Studio Solution File, Format Version 12.00
# Visual Studio Version 16
VisualStudioVersion = 16.0.31829.152
MinimumVisualStudioVersion = 10.0.40219.1
Project("{9A19103F-16F7-4668-BE54-9A1E7A4F7556}") = "FirstController", "FirstController\FirstController.csproj", "{E5EE5F4C-9795-4CD6-A6ED-5454C163666F}"
EndProject
Project("{2150E333-8FDC-42A3-9474-1A3956D46DE8}") = "Solution Items", "Solution Items", "{D0B01AE3-13D8-4707-833F-2AC400D4A105}"
	ProjectSection(SolutionItems) = preProject
		StyleCopAnalyzersDefault.ruleset = StyleCopAnalyzersDefault.ruleset
	EndProjectSection
EndProject
Global
	GlobalSection(SolutionConfigurationPlatforms) = preSolution
		Debug|Any CPU = Debug|Any CPU
		Release|Any CPU = Release|Any CPU
	EndGlobalSection
	GlobalSection(ProjectConfigurationPlatforms) = postSolution
		{E5EE5F4C-9795-4CD6-A6ED-5454C163666F}.Debug|Any CPU.ActiveCfg = Debug|Any CPU
		{E5EE5F4C-9795-4CD6-A6ED-5454C163666F}.Debug|Any CPU.Build.0 = Debug|Any CPU
		{E5EE5F4C-9795-4CD6-A6ED-5454C163666F}.Release|Any CPU.ActiveCfg = Release|Any CPU
		{E5EE5F4C-9795-4CD6-A6ED-5454C163666F}.Release|Any CPU.Build.0 = Release|Any CPU
	EndGlobalSection
	GlobalSection(SolutionProperties) = preSolution
		HideSolutionNode = FALSE
	EndGlobalSection
	GlobalSection(ExtensibilityGlobals) = postSolution
		SolutionGuid = {3342D31E-D22F-495C-9EA6-9CCD90EAD934}
	EndGlobalSection
EndGlobal
