
Microsoft Visual Studio Solution File, Format Version 12.00
# Visual Studio Version 17
VisualStudioVersion = 17.3.32804.467
MinimumVisualStudioVersion = 10.0.40219.1
Project("{9A19103F-16F7-4668-BE54-9A1E7A4F7556}") = "ClinicService", "ClinicService\ClinicService.csproj", "{31E678A2-F7B6-478D-83A3-13D911E36A5B}"
EndProject
Project("{9A19103F-16F7-4668-BE54-9A1E7A4F7556}") = "ClinicService.Data", "ClinicService.Data\ClinicService.Data.csproj", "{9E41374E-7AF8-43FC-B726-0E4BFCD300F7}"
EndProject
Project("{9A19103F-16F7-4668-BE54-9A1E7A4F7556}") = "ClinicClient", "ClinicClient\ClinicClient.csproj", "{B9A9ED67-5477-4CD4-80F1-C87A3F49062F}"
EndProject
Project("{FAE04EC0-301F-11D3-BF4B-00C04F79EFBC}") = "ClinicServiceV2", "ClinicServiceV2\ClinicServiceV2.csproj", "{37732428-31A6-4CEF-9726-B5474F027D5E}"
EndProject
Project("{FAE04EC0-301F-11D3-BF4B-00C04F79EFBC}") = "WebApplicationTest", "WebApplicationTest\WebApplicationTest.csproj", "{822FBE51-1498-492E-8E81-629CA01A341E}"
EndProject
Global
	GlobalSection(SolutionConfigurationPlatforms) = preSolution
		Debug|Any CPU = Debug|Any CPU
		Release|Any CPU = Release|Any CPU
	EndGlobalSection
	GlobalSection(ProjectConfigurationPlatforms) = postSolution
		{31E678A2-F7B6-478D-83A3-13D911E36A5B}.Debug|Any CPU.ActiveCfg = Debug|Any CPU
		{31E678A2-F7B6-478D-83A3-13D911E36A5B}.Debug|Any CPU.Build.0 = Debug|Any CPU
		{31E678A2-F7B6-478D-83A3-13D911E36A5B}.Release|Any CPU.ActiveCfg = Release|Any CPU
		{31E678A2-F7B6-478D-83A3-13D911E36A5B}.Release|Any CPU.Build.0 = Release|Any CPU
		{9E41374E-7AF8-43FC-B726-0E4BFCD300F7}.Debug|Any CPU.ActiveCfg = Debug|Any CPU
		{9E41374E-7AF8-43FC-B726-0E4BFCD300F7}.Debug|Any CPU.Build.0 = Debug|Any CPU
		{9E41374E-7AF8-43FC-B726-0E4BFCD300F7}.Release|Any CPU.ActiveCfg = Release|Any CPU
		{9E41374E-7AF8-43FC-B726-0E4BFCD300F7}.Release|Any CPU.Build.0 = Release|Any CPU
		{B9A9ED67-5477-4CD4-80F1-C87A3F49062F}.Debug|Any CPU.ActiveCfg = Debug|Any CPU
		{B9A9ED67-5477-4CD4-80F1-C87A3F49062F}.Debug|Any CPU.Build.0 = Debug|Any CPU
		{B9A9ED67-5477-4CD4-80F1-C87A3F49062F}.Release|Any CPU.ActiveCfg = Release|Any CPU
		{B9A9ED67-5477-4CD4-80F1-C87A3F49062F}.Release|Any CPU.Build.0 = Release|Any CPU
		{37732428-31A6-4CEF-9726-B5474F027D5E}.Debug|Any CPU.ActiveCfg = Debug|Any CPU
		{37732428-31A6-4CEF-9726-B5474F027D5E}.Debug|Any CPU.Build.0 = Debug|Any CPU
		{37732428-31A6-4CEF-9726-B5474F027D5E}.Release|Any CPU.ActiveCfg = Release|Any CPU
		{37732428-31A6-4CEF-9726-B5474F027D5E}.Release|Any CPU.Build.0 = Release|Any CPU
		{822FBE51-1498-492E-8E81-629CA01A341E}.Debug|Any CPU.ActiveCfg = Debug|Any CPU
		{822FBE51-1498-492E-8E81-629CA01A341E}.Debug|Any CPU.Build.0 = Debug|Any CPU
		{822FBE51-1498-492E-8E81-629CA01A341E}.Release|Any CPU.ActiveCfg = Release|Any CPU
		{822FBE51-1498-492E-8E81-629CA01A341E}.Release|Any CPU.Build.0 = Release|Any CPU
	EndGlobalSection
	GlobalSection(SolutionProperties) = preSolution
		HideSolutionNode = FALSE
	EndGlobalSection
	GlobalSection(ExtensibilityGlobals) = postSolution
		SolutionGuid = {F958A0F9-F20B-41CD-A81B-903DD2DBDB26}
	EndGlobalSection
EndGlobal
