
Microsoft Visual Studio Solution File, Format Version 12.00
# Visual Studio Version 16
VisualStudioVersion = 16.0.31829.152
MinimumVisualStudioVersion = 10.0.40219.1
Project("{9A19103F-16F7-4668-BE54-9A1E7A4F7556}") = "MetricsAgent.Controller", "MetricsAgent.Controller\MetricsAgent.Controller.csproj", "{52C62193-1AF0-433A-B8B6-F8E7DA221FA2}"
EndProject
Project("{2150E333-8FDC-42A3-9474-1A3956D46DE8}") = "Solution items", "Solution items", "{4C370848-503A-4F04-A35C-34A773B9608E}"
	ProjectSection(SolutionItems) = preProject
		StyleCopAnalyzersDefault.ruleset = StyleCopAnalyzersDefault.ruleset
	EndProjectSection
EndProject
Project("{9A19103F-16F7-4668-BE54-9A1E7A4F7556}") = "MetricsManager.Controller", "MetricsManager.Controller\MetricsManager.Controller.csproj", "{653FA84E-DA6B-45A8-A4B2-9DBB4A0688F5}"
EndProject
Project("{9A19103F-16F7-4668-BE54-9A1E7A4F7556}") = "Infrastructure", "Infrastructure\Infrastructure.csproj", "{9723896C-4E6D-4D6E-B23F-BD200A2FF417}"
EndProject
Project("{9A19103F-16F7-4668-BE54-9A1E7A4F7556}") = "MetricsAgent.ControllerTests", "MetricsAgent.ControllerTests\MetricsAgent.ControllerTests.csproj", "{BB8C9372-C61B-463D-B233-F38514397159}"
EndProject
Project("{9A19103F-16F7-4668-BE54-9A1E7A4F7556}") = "Model", "Model\Model.csproj", "{918028CC-8DC4-46C0-960F-0A78CE10D031}"
EndProject
Project("{9A19103F-16F7-4668-BE54-9A1E7A4F7556}") = "MetricsManager.ControllerTests", "MetricsManager.ControllerTests\MetricsManager.ControllerTests.csproj", "{58550E8F-6DCC-4665-BD3D-34C829F14027}"
EndProject
Project("{FAE04EC0-301F-11D3-BF4B-00C04F79EFBC}") = "DTO", "DTO\DTO.csproj", "{E2A26716-74B0-482A-8193-FFD096A583F0}"
EndProject
Global
	GlobalSection(SolutionConfigurationPlatforms) = preSolution
		Debug|Any CPU = Debug|Any CPU
		Release|Any CPU = Release|Any CPU
	EndGlobalSection
	GlobalSection(ProjectConfigurationPlatforms) = postSolution
		{52C62193-1AF0-433A-B8B6-F8E7DA221FA2}.Debug|Any CPU.ActiveCfg = Debug|Any CPU
		{52C62193-1AF0-433A-B8B6-F8E7DA221FA2}.Debug|Any CPU.Build.0 = Debug|Any CPU
		{52C62193-1AF0-433A-B8B6-F8E7DA221FA2}.Release|Any CPU.ActiveCfg = Release|Any CPU
		{52C62193-1AF0-433A-B8B6-F8E7DA221FA2}.Release|Any CPU.Build.0 = Release|Any CPU
		{653FA84E-DA6B-45A8-A4B2-9DBB4A0688F5}.Debug|Any CPU.ActiveCfg = Debug|Any CPU
		{653FA84E-DA6B-45A8-A4B2-9DBB4A0688F5}.Debug|Any CPU.Build.0 = Debug|Any CPU
		{653FA84E-DA6B-45A8-A4B2-9DBB4A0688F5}.Release|Any CPU.ActiveCfg = Release|Any CPU
		{653FA84E-DA6B-45A8-A4B2-9DBB4A0688F5}.Release|Any CPU.Build.0 = Release|Any CPU
		{9723896C-4E6D-4D6E-B23F-BD200A2FF417}.Debug|Any CPU.ActiveCfg = Debug|Any CPU
		{9723896C-4E6D-4D6E-B23F-BD200A2FF417}.Debug|Any CPU.Build.0 = Debug|Any CPU
		{9723896C-4E6D-4D6E-B23F-BD200A2FF417}.Release|Any CPU.ActiveCfg = Release|Any CPU
		{9723896C-4E6D-4D6E-B23F-BD200A2FF417}.Release|Any CPU.Build.0 = Release|Any CPU
		{BB8C9372-C61B-463D-B233-F38514397159}.Debug|Any CPU.ActiveCfg = Debug|Any CPU
		{BB8C9372-C61B-463D-B233-F38514397159}.Debug|Any CPU.Build.0 = Debug|Any CPU
		{BB8C9372-C61B-463D-B233-F38514397159}.Release|Any CPU.ActiveCfg = Release|Any CPU
		{BB8C9372-C61B-463D-B233-F38514397159}.Release|Any CPU.Build.0 = Release|Any CPU
		{918028CC-8DC4-46C0-960F-0A78CE10D031}.Debug|Any CPU.ActiveCfg = Debug|Any CPU
		{918028CC-8DC4-46C0-960F-0A78CE10D031}.Debug|Any CPU.Build.0 = Debug|Any CPU
		{918028CC-8DC4-46C0-960F-0A78CE10D031}.Release|Any CPU.ActiveCfg = Release|Any CPU
		{918028CC-8DC4-46C0-960F-0A78CE10D031}.Release|Any CPU.Build.0 = Release|Any CPU
		{58550E8F-6DCC-4665-BD3D-34C829F14027}.Debug|Any CPU.ActiveCfg = Debug|Any CPU
		{58550E8F-6DCC-4665-BD3D-34C829F14027}.Debug|Any CPU.Build.0 = Debug|Any CPU
		{58550E8F-6DCC-4665-BD3D-34C829F14027}.Release|Any CPU.ActiveCfg = Release|Any CPU
		{58550E8F-6DCC-4665-BD3D-34C829F14027}.Release|Any CPU.Build.0 = Release|Any CPU
		{E2A26716-74B0-482A-8193-FFD096A583F0}.Debug|Any CPU.ActiveCfg = Debug|Any CPU
		{E2A26716-74B0-482A-8193-FFD096A583F0}.Debug|Any CPU.Build.0 = Debug|Any CPU
		{E2A26716-74B0-482A-8193-FFD096A583F0}.Release|Any CPU.ActiveCfg = Release|Any CPU
		{E2A26716-74B0-482A-8193-FFD096A583F0}.Release|Any CPU.Build.0 = Release|Any CPU
	EndGlobalSection
	GlobalSection(SolutionProperties) = preSolution
		HideSolutionNode = FALSE
	EndGlobalSection
	GlobalSection(ExtensibilityGlobals) = postSolution
		SolutionGuid = {C0F807ED-720D-40CF-AA93-2D98F2262AE2}
	EndGlobalSection
EndGlobal
